
Microsoft Visual Studio Solution File, Format Version 12.00
# Visual Studio Version 17
VisualStudioVersion = 17.6.33829.357
MinimumVisualStudioVersion = 10.0.40219.1
Project("{FAE04EC0-301F-11D3-BF4B-00C04F79EFBC}") = "AbtsractClass", "AbtsractClass\AbtsractClass.csproj", "{CE203AD6-9F75-42BB-A984-83AE223A429B}"
EndProject
Project("{FAE04EC0-301F-11D3-BF4B-00C04F79EFBC}") = "SealedClass", "SealedClass\SealedClass.csproj", "{C1DE7F34-D17E-44FA-91C3-B04B8A6381BA}"
EndProject
Project("{FAE04EC0-301F-11D3-BF4B-00C04F79EFBC}") = "Assignment_Employee", "Assignment_Employee\Assignment_Employee.csproj", "{B03A8EC9-4EA4-4EB8-A10A-AEBC4B14592A}"
EndProject
Global
	GlobalSection(SolutionConfigurationPlatforms) = preSolution
		Debug|Any CPU = Debug|Any CPU
		Release|Any CPU = Release|Any CPU
	EndGlobalSection
	GlobalSection(ProjectConfigurationPlatforms) = postSolution
		{CE203AD6-9F75-42BB-A984-83AE223A429B}.Debug|Any CPU.ActiveCfg = Debug|Any CPU
		{CE203AD6-9F75-42BB-A984-83AE223A429B}.Debug|Any CPU.Build.0 = Debug|Any CPU
		{CE203AD6-9F75-42BB-A984-83AE223A429B}.Release|Any CPU.ActiveCfg = Release|Any CPU
		{CE203AD6-9F75-42BB-A984-83AE223A429B}.Release|Any CPU.Build.0 = Release|Any CPU
		{C1DE7F34-D17E-44FA-91C3-B04B8A6381BA}.Debug|Any CPU.ActiveCfg = Debug|Any CPU
		{C1DE7F34-D17E-44FA-91C3-B04B8A6381BA}.Debug|Any CPU.Build.0 = Debug|Any CPU
		{C1DE7F34-D17E-44FA-91C3-B04B8A6381BA}.Release|Any CPU.ActiveCfg = Release|Any CPU
		{C1DE7F34-D17E-44FA-91C3-B04B8A6381BA}.Release|Any CPU.Build.0 = Release|Any CPU
		{B03A8EC9-4EA4-4EB8-A10A-AEBC4B14592A}.Debug|Any CPU.ActiveCfg = Debug|Any CPU
		{B03A8EC9-4EA4-4EB8-A10A-AEBC4B14592A}.Debug|Any CPU.Build.0 = Debug|Any CPU
		{B03A8EC9-4EA4-4EB8-A10A-AEBC4B14592A}.Release|Any CPU.ActiveCfg = Release|Any CPU
		{B03A8EC9-4EA4-4EB8-A10A-AEBC4B14592A}.Release|Any CPU.Build.0 = Release|Any CPU
	EndGlobalSection
	GlobalSection(SolutionProperties) = preSolution
		HideSolutionNode = FALSE
	EndGlobalSection
	GlobalSection(ExtensibilityGlobals) = postSolution
		SolutionGuid = {A179F36E-76C0-403F-9DB4-930D6DCB63F6}
	EndGlobalSection
EndGlobal
