
Microsoft Visual Studio Solution File, Format Version 12.00
# Visual Studio Version 17
VisualStudioVersion = 17.6.33829.357
MinimumVisualStudioVersion = 10.0.40219.1
Project("{FAE04EC0-301F-11D3-BF4B-00C04F79EFBC}") = "DataTypes_DOTNET", "DataTypes_DOTNET\DataTypes_DOTNET.csproj", "{DB55F304-5112-4884-BD41-EEE0F55ACB3A}"
EndProject
Project("{FAE04EC0-301F-11D3-BF4B-00C04F79EFBC}") = "Ref_ValueType", "Ref_ValueType\Ref_ValueType.csproj", "{B573A305-D8B9-4CF7-B500-FAB9E0902D80}"
EndProject
Project("{FAE04EC0-301F-11D3-BF4B-00C04F79EFBC}") = "Sturct", "Sturct\Sturct.csproj", "{AA9C2633-16E8-465C-AB23-A71D887D552E}"
EndProject
Project("{FAE04EC0-301F-11D3-BF4B-00C04F79EFBC}") = "enum_Ex", "enum_Ex\enum_Ex.csproj", "{9110BF19-A425-46AD-B83C-53252191AFD2}"
EndProject
Project("{FAE04EC0-301F-11D3-BF4B-00C04F79EFBC}") = "Nullable", "Nullable\Nullable.csproj", "{953324E1-60FB-475F-B531-A90E4A07FC78}"
EndProject
Global
	GlobalSection(SolutionConfigurationPlatforms) = preSolution
		Debug|Any CPU = Debug|Any CPU
		Release|Any CPU = Release|Any CPU
	EndGlobalSection
	GlobalSection(ProjectConfigurationPlatforms) = postSolution
		{DB55F304-5112-4884-BD41-EEE0F55ACB3A}.Debug|Any CPU.ActiveCfg = Debug|Any CPU
		{DB55F304-5112-4884-BD41-EEE0F55ACB3A}.Debug|Any CPU.Build.0 = Debug|Any CPU
		{DB55F304-5112-4884-BD41-EEE0F55ACB3A}.Release|Any CPU.ActiveCfg = Release|Any CPU
		{DB55F304-5112-4884-BD41-EEE0F55ACB3A}.Release|Any CPU.Build.0 = Release|Any CPU
		{B573A305-D8B9-4CF7-B500-FAB9E0902D80}.Debug|Any CPU.ActiveCfg = Debug|Any CPU
		{B573A305-D8B9-4CF7-B500-FAB9E0902D80}.Debug|Any CPU.Build.0 = Debug|Any CPU
		{B573A305-D8B9-4CF7-B500-FAB9E0902D80}.Release|Any CPU.ActiveCfg = Release|Any CPU
		{B573A305-D8B9-4CF7-B500-FAB9E0902D80}.Release|Any CPU.Build.0 = Release|Any CPU
		{AA9C2633-16E8-465C-AB23-A71D887D552E}.Debug|Any CPU.ActiveCfg = Debug|Any CPU
		{AA9C2633-16E8-465C-AB23-A71D887D552E}.Debug|Any CPU.Build.0 = Debug|Any CPU
		{AA9C2633-16E8-465C-AB23-A71D887D552E}.Release|Any CPU.ActiveCfg = Release|Any CPU
		{AA9C2633-16E8-465C-AB23-A71D887D552E}.Release|Any CPU.Build.0 = Release|Any CPU
		{9110BF19-A425-46AD-B83C-53252191AFD2}.Debug|Any CPU.ActiveCfg = Debug|Any CPU
		{9110BF19-A425-46AD-B83C-53252191AFD2}.Debug|Any CPU.Build.0 = Debug|Any CPU
		{9110BF19-A425-46AD-B83C-53252191AFD2}.Release|Any CPU.ActiveCfg = Release|Any CPU
		{9110BF19-A425-46AD-B83C-53252191AFD2}.Release|Any CPU.Build.0 = Release|Any CPU
		{953324E1-60FB-475F-B531-A90E4A07FC78}.Debug|Any CPU.ActiveCfg = Debug|Any CPU
		{953324E1-60FB-475F-B531-A90E4A07FC78}.Debug|Any CPU.Build.0 = Debug|Any CPU
		{953324E1-60FB-475F-B531-A90E4A07FC78}.Release|Any CPU.ActiveCfg = Release|Any CPU
		{953324E1-60FB-475F-B531-A90E4A07FC78}.Release|Any CPU.Build.0 = Release|Any CPU
	EndGlobalSection
	GlobalSection(SolutionProperties) = preSolution
		HideSolutionNode = FALSE
	EndGlobalSection
	GlobalSection(ExtensibilityGlobals) = postSolution
		SolutionGuid = {88247861-8FCA-499F-A7F1-B2C2D7F8C526}
	EndGlobalSection
EndGlobal
